{
  "name": "m4.252-pac3",
  "version": "1.0.0",
  "lockfileVersion": 3,
  "requires": true,
  "packages": {
    "": {
      "name": "m4.252-pac3",
      "version": "1.0.0",
      "license": "CC0-1.0",
      "dependencies": {
        "prettier": "^3.4.2"
      },
      "devDependencies": {
        "@awmottaz/prettier-plugin-void-html": "^1.7.0"
      }
    },
    "node_modules/@awmottaz/prettier-plugin-void-html": {
      "version": "1.7.0",
      "resolved": "https://registry.npmjs.org/@awmottaz/prettier-plugin-void-html/-/prettier-plugin-void-html-1.7.0.tgz",
      "integrity": "sha512-rS1ThYI8wqhDAbyO3wx60jebaryBxSbl9aXj4YroBHSyUP0SEE3apHQaHGpqIksSDWBr9lS94j33kZS6niybQA==",
      "dev": true,
      "license": "MIT",
      "engines": {
        "node": ">=22.0.0"
      },
      "peerDependencies": {
        "prettier": "3.0.0 - 3.4.x"
      }
    },
    "node_modules/prettier": {
      "version": "3.4.2",
      "resolved": "https://registry.npmjs.org/prettier/-/prettier-3.4.2.tgz",
      "integrity": "sha512-e9MewbtFo+Fevyuxn/4rrcDAaq0IYxPGLvObpQjiZBMAzB9IGmzlnG9RZy3FFas+eBMu2vA0CszMeduow5dIuQ==",
      "license": "MIT",
      "bin": {
        "prettier": "bin/prettier.cjs"
      },
      "engines": {
        "node": ">=14"
      },
      "funding": {
        "url": "https://github.com/prettier/prettier?sponsor=1"
      }
    }
  }
}
